<?xml version="1.0"?>
<plist version="1.0">
	<dict>
		<key>archiveVersion</key>
		<string>1</string>
		<key>classes</key>
		<dict />
		<key>objectVersion</key>
		<string>46</string>
		<key>objects</key>
		<dict>
			<key>11CCAC17091CBA6F89D0CB52</key>
			<dict>
				<key>explicitFileType</key>
				<string>sourcecode.c.h</string>
				<key>fileEncoding</key>
				<string>30</string>
				<key>isa</key>
				<string>PBXFileReference</string>
				<key>name</key>
				<string>NetworkingUtils.h</string>
				<key>path</key>
				<string>../../../../../../Frameworks/of_v0.9.8_osx_release/addons/ofxOsc/libs/oscpack/src/ip/NetworkingUtils.h</string>
				<key>sourceTree</key>
				<string>SOURCE_ROOT</string>
			</dict>
			<key>BBCE09F2A74707EF1727E8AA</key>
			<dict>
				<key>fileRef</key>
				<string>E3D51D3154363E348CC76B74</string>
				<key>isa</key>
				<string>PBXBuildFile</string>
			</dict>
			<key>E3D51D3154363E348CC76B74</key>
			<dict>
				<key>explicitFileType</key>
				<string>sourcecode.cpp.cpp</string>
				<key>fileEncoding</key>
				<string>30</string>
				<key>isa</key>
				<string>PBXFileReference</string>
				<key>name</key>
				<string>IpEndpointName.cpp</string>
				<key>path</key>
				<string>../../../../../../Frameworks/of_v0.9.8_osx_release/addons/ofxOsc/libs/oscpack/src/ip/IpEndpointName.cpp</string>
				<key>sourceTree</key>
				<string>SOURCE_ROOT</string>
			</dict>
			<key>AAC17EEF79B7B090BFEF6EF2</key>
			<dict>
				<key>explicitFileType</key>
				<string>sourcecode.c.h</string>
				<key>fileEncoding</key>
				<string>30</string>
				<key>isa</key>
				<string>PBXFileReference</string>
				<key>name</key>
				<string>IpEndpointName.h</string>
				<key>path</key>
				<string>../../../../../../Frameworks/of_v0.9.8_osx_release/addons/ofxOsc/libs/oscpack/src/ip/IpEndpointName.h</string>
				<key>sourceTree</key>
				<string>SOURCE_ROOT</string>
			</dict>
			<key>0FEFB67178D8D8DFD786ED58</key>
			<dict>
				<key>explicitFileType</key>
				<string>sourcecode.c.h</string>
				<key>fileEncoding</key>
				<string>30</string>
				<key>isa</key>
				<string>PBXFileReference</string>
				<key>name</key>
				<string>PacketListener.h</string>
				<key>path</key>
				<string>../../../../../../Frameworks/of_v0.9.8_osx_release/addons/ofxOsc/libs/oscpack/src/ip/PacketListener.h</string>
				<key>sourceTree</key>
				<string>SOURCE_ROOT</string>
			</dict>
			<key>FF5009B430CDD302D69E026A</key>
			<dict>
				<key>explicitFileType</key>
				<string>sourcecode.c.h</string>
				<key>fileEncoding</key>
				<string>30</string>
				<key>isa</key>
				<string>PBXFileReference</string>
				<key>name</key>
				<string>TimerListener.h</string>
				<key>path</key>
				<string>../../../../../../Frameworks/of_v0.9.8_osx_release/addons/ofxOsc/libs/oscpack/src/ip/TimerListener.h</string>
				<key>sourceTree</key>
				<string>SOURCE_ROOT</string>
			</dict>
			<key>05C9F0EEC8217BCE2EABDE68</key>
			<dict>
				<key>explicitFileType</key>
				<string>sourcecode.c.h</string>
				<key>fileEncoding</key>
				<string>30</string>
				<key>isa</key>
				<string>PBXFileReference</string>
				<key>name</key>
				<string>UdpSocket.h</string>
				<key>path</key>
				<string>../../../../../../Frameworks/of_v0.9.8_osx_release/addons/ofxOsc/libs/oscpack/src/ip/UdpSocket.h</string>
				<key>sourceTree</key>
				<string>SOURCE_ROOT</string>
			</dict>
			<key>B537629EC617BB23ACEDA2D5</key>
			<dict>
				<key>fileRef</key>
				<string>A628DD492AA8435EFF0CAA17</string>
				<key>isa</key>
				<string>PBXBuildFile</string>
			</dict>
			<key>A628DD492AA8435EFF0CAA17</key>
			<dict>
				<key>explicitFileType</key>
				<string>sourcecode.cpp.cpp</string>
				<key>fileEncoding</key>
				<string>30</string>
				<key>isa</key>
				<string>PBXFileReference</string>
				<key>name</key>
				<string>UdpSocket.cpp</string>
				<key>path</key>
				<string>../../../../../../Frameworks/of_v0.9.8_osx_release/addons/ofxOsc/libs/oscpack/src/ip/posix/UdpSocket.cpp</string>
				<key>sourceTree</key>
				<string>SOURCE_ROOT</string>
			</dict>
			<key>641362CA659FAFEE4E81001B</key>
			<dict>
				<key>children</key>
				<array>
					<string>5A650D54F7FE9AC1384D03D8</string>
					<string>A628DD492AA8435EFF0CAA17</string>
				</array>
				<key>isa</key>
				<string>PBXGroup</string>
				<key>name</key>
				<string>posix</string>
				<key>sourceTree</key>
				<string>&lt;group&gt;</string>
			</dict>
			<key>FF8CDF57858E9B94E3237115</key>
			<dict>
				<key>children</key>
				<array>
					<string>641362CA659FAFEE4E81001B</string>
					<string>05C9F0EEC8217BCE2EABDE68</string>
					<string>FF5009B430CDD302D69E026A</string>
					<string>0FEFB67178D8D8DFD786ED58</string>
					<string>AAC17EEF79B7B090BFEF6EF2</string>
					<string>E3D51D3154363E348CC76B74</string>
					<string>11CCAC17091CBA6F89D0CB52</string>
				</array>
				<key>isa</key>
				<string>PBXGroup</string>
				<key>name</key>
				<string>ip</string>
				<key>sourceTree</key>
				<string>&lt;group&gt;</string>
			</dict>
			<key>539697C7A1ED8B0E4C6E28A8</key>
			<dict>
				<key>fileRef</key>
				<string>5A650D54F7FE9AC1384D03D8</string>
				<key>isa</key>
				<string>PBXBuildFile</string>
			</dict>
			<key>5A650D54F7FE9AC1384D03D8</key>
			<dict>
				<key>explicitFileType</key>
				<string>sourcecode.cpp.cpp</string>
				<key>fileEncoding</key>
				<string>30</string>
				<key>isa</key>
				<string>PBXFileReference</string>
				<key>name</key>
				<string>NetworkingUtils.cpp</string>
				<key>path</key>
				<string>../../../../../../Frameworks/of_v0.9.8_osx_release/addons/ofxOsc/libs/oscpack/src/ip/posix/NetworkingUtils.cpp</string>
				<key>sourceTree</key>
				<string>SOURCE_ROOT</string>
			</dict>
			<key>A1C948E2BF486DDEEE69946D</key>
			<dict>
				<key>explicitFileType</key>
				<string>sourcecode.c.h</string>
				<key>fileEncoding</key>
				<string>30</string>
				<key>isa</key>
				<string>PBXFileReference</string>
				<key>name</key>
				<string>OscTypes.h</string>
				<key>path</key>
				<string>../../../../../../Frameworks/of_v0.9.8_osx_release/addons/ofxOsc/libs/oscpack/src/osc/OscTypes.h</string>
				<key>sourceTree</key>
				<string>SOURCE_ROOT</string>
			</dict>
			<key>7D3E9D0E9017D66E9FB90F64</key>
			<dict>
				<key>explicitFileType</key>
				<string>sourcecode.c.h</string>
				<key>fileEncoding</key>
				<string>30</string>
				<key>isa</key>
				<string>PBXFileReference</string>
				<key>name</key>
				<string>OscReceivedElements.h</string>
				<key>path</key>
				<string>../../../../../../Frameworks/of_v0.9.8_osx_release/addons/ofxOsc/libs/oscpack/src/osc/OscReceivedElements.h</string>
				<key>sourceTree</key>
				<string>SOURCE_ROOT</string>
			</dict>
			<key>DC80688B7FE9861F5C3E2C46</key>
			<dict>
				<key>fileRef</key>
				<string>42FBFF5C1CE8C283DA29CEEB</string>
				<key>isa</key>
				<string>PBXBuildFile</string>
			</dict>
			<key>42FBFF5C1CE8C283DA29CEEB</key>
			<dict>
				<key>explicitFileType</key>
				<string>sourcecode.cpp.cpp</string>
				<key>fileEncoding</key>
				<string>30</string>
				<key>isa</key>
				<string>PBXFileReference</string>
				<key>name</key>
				<string>OscPrintReceivedElements.cpp</string>
				<key>path</key>
				<string>../../../../../../Frameworks/of_v0.9.8_osx_release/addons/ofxOsc/libs/oscpack/src/osc/OscPrintReceivedElements.cpp</string>
				<key>sourceTree</key>
				<string>SOURCE_ROOT</string>
			</dict>
			<key>BB1073AC0D3B4C7D3A5836C3</key>
			<dict>
				<key>fileRef</key>
				<string>827443A24DDF1EBF697BC993</string>
				<key>isa</key>
				<string>PBXBuildFile</string>
			</dict>
			<key>827443A24DDF1EBF697BC993</key>
			<dict>
				<key>explicitFileType</key>
				<string>sourcecode.cpp.cpp</string>
				<key>fileEncoding</key>
				<string>30</string>
				<key>isa</key>
				<string>PBXFileReference</string>
				<key>name</key>
				<string>OscReceivedElements.cpp</string>
				<key>path</key>
				<string>../../../../../../Frameworks/of_v0.9.8_osx_release/addons/ofxOsc/libs/oscpack/src/osc/OscReceivedElements.cpp</string>
				<key>sourceTree</key>
				<string>SOURCE_ROOT</string>
			</dict>
			<key>82DC1A3AB4331746C35CCC6F</key>
			<dict>
				<key>explicitFileType</key>
				<string>sourcecode.c.h</string>
				<key>fileEncoding</key>
				<string>30</string>
				<key>isa</key>
				<string>PBXFileReference</string>
				<key>name</key>
				<string>OscOutboundPacketStream.h</string>
				<key>path</key>
				<string>../../../../../../Frameworks/of_v0.9.8_osx_release/addons/ofxOsc/libs/oscpack/src/osc/OscOutboundPacketStream.h</string>
				<key>sourceTree</key>
				<string>SOURCE_ROOT</string>
			</dict>
			<key>A35FE5320FDD192BF028931E</key>
			<dict>
				<key>explicitFileType</key>
				<string>sourcecode.c.h</string>
				<key>fileEncoding</key>
				<string>30</string>
				<key>isa</key>
				<string>PBXFileReference</string>
				<key>name</key>
				<string>OscException.h</string>
				<key>path</key>
				<string>../../../../../../Frameworks/of_v0.9.8_osx_release/addons/ofxOsc/libs/oscpack/src/osc/OscException.h</string>
				<key>sourceTree</key>
				<string>SOURCE_ROOT</string>
			</dict>
			<key>C0770F782C3E1170C4D7E306</key>
			<dict>
				<key>explicitFileType</key>
				<string>sourcecode.c.h</string>
				<key>fileEncoding</key>
				<string>30</string>
				<key>isa</key>
				<string>PBXFileReference</string>
				<key>name</key>
				<string>OscHostEndianness.h</string>
				<key>path</key>
				<string>../../../../../../Frameworks/of_v0.9.8_osx_release/addons/ofxOsc/libs/oscpack/src/osc/OscHostEndianness.h</string>
				<key>sourceTree</key>
				<string>SOURCE_ROOT</string>
			</dict>
			<key>C17CA10EAD4005293A37641B</key>
			<dict>
				<key>explicitFileType</key>
				<string>sourcecode.c.h</string>
				<key>fileEncoding</key>
				<string>30</string>
				<key>isa</key>
				<string>PBXFileReference</string>
				<key>name</key>
				<string>MessageMappingOscPacketListener.h</string>
				<key>path</key>
				<string>../../../../../../Frameworks/of_v0.9.8_osx_release/addons/ofxOsc/libs/oscpack/src/osc/MessageMappingOscPacketListener.h</string>
				<key>sourceTree</key>
				<string>SOURCE_ROOT</string>
			</dict>
			<key>F09754D61D2A2EB20EDFE2B3</key>
			<dict>
				<key>explicitFileType</key>
				<string>sourcecode.c.h</string>
				<key>fileEncoding</key>
				<string>30</string>
				<key>isa</key>
				<string>PBXFileReference</string>
				<key>name</key>
				<string>OscPrintReceivedElements.h</string>
				<key>path</key>
				<string>../../../../../../Frameworks/of_v0.9.8_osx_release/addons/ofxOsc/libs/oscpack/src/osc/OscPrintReceivedElements.h</string>
				<key>sourceTree</key>
				<string>SOURCE_ROOT</string>
			</dict>
			<key>5B43A9AEA109D0F9821C5455</key>
			<dict>
				<key>fileRef</key>
				<string>77D5C5E4543E4D9FD2B0C9C4</string>
				<key>isa</key>
				<string>PBXBuildFile</string>
			</dict>
			<key>77D5C5E4543E4D9FD2B0C9C4</key>
			<dict>
				<key>explicitFileType</key>
				<string>sourcecode.cpp.cpp</string>
				<key>fileEncoding</key>
				<string>30</string>
				<key>isa</key>
				<string>PBXFileReference</string>
				<key>name</key>
				<string>OscTypes.cpp</string>
				<key>path</key>
				<string>../../../../../../Frameworks/of_v0.9.8_osx_release/addons/ofxOsc/libs/oscpack/src/osc/OscTypes.cpp</string>
				<key>sourceTree</key>
				<string>SOURCE_ROOT</string>
			</dict>
			<key>1AF439B34D34F88A50763730</key>
			<dict>
				<key>explicitFileType</key>
				<string>sourcecode.c.h</string>
				<key>fileEncoding</key>
				<string>30</string>
				<key>isa</key>
				<string>PBXFileReference</string>
				<key>name</key>
				<string>OscPacketListener.h</string>
				<key>path</key>
				<string>../../../../../../Frameworks/of_v0.9.8_osx_release/addons/ofxOsc/libs/oscpack/src/osc/OscPacketListener.h</string>
				<key>sourceTree</key>
				<string>SOURCE_ROOT</string>
			</dict>
			<key>30CB364908817057B430D528</key>
			<dict>
				<key>children</key>
				<array>
					<string>79792A668FFCA41D1BF335A1</string>
					<string>1AF439B34D34F88A50763730</string>
					<string>77D5C5E4543E4D9FD2B0C9C4</string>
					<string>F09754D61D2A2EB20EDFE2B3</string>
					<string>C17CA10EAD4005293A37641B</string>
					<string>C0770F782C3E1170C4D7E306</string>
					<string>A35FE5320FDD192BF028931E</string>
					<string>82DC1A3AB4331746C35CCC6F</string>
					<string>827443A24DDF1EBF697BC993</string>
					<string>42FBFF5C1CE8C283DA29CEEB</string>
					<string>7D3E9D0E9017D66E9FB90F64</string>
					<string>A1C948E2BF486DDEEE69946D</string>
				</array>
				<key>isa</key>
				<string>PBXGroup</string>
				<key>name</key>
				<string>osc</string>
				<key>sourceTree</key>
				<string>&lt;group&gt;</string>
			</dict>
			<key>D27B2221A225CA523C019676</key>
			<dict>
				<key>children</key>
				<array>
					<string>30CB364908817057B430D528</string>
					<string>FF8CDF57858E9B94E3237115</string>
				</array>
				<key>isa</key>
				<string>PBXGroup</string>
				<key>name</key>
				<string>src</string>
				<key>sourceTree</key>
				<string>&lt;group&gt;</string>
			</dict>
			<key>86D2677079A3AF4A5A88E29A</key>
			<dict>
				<key>children</key>
				<array>
					<string>D27B2221A225CA523C019676</string>
				</array>
				<key>isa</key>
				<string>PBXGroup</string>
				<key>name</key>
				<string>oscpack</string>
				<key>sourceTree</key>
				<string>&lt;group&gt;</string>
			</dict>
			<key>38871A5825686AE018EC2BF0</key>
			<dict>
				<key>children</key>
				<array>
					<string>86D2677079A3AF4A5A88E29A</string>
				</array>
				<key>isa</key>
				<string>PBXGroup</string>
				<key>name</key>
				<string>libs</string>
				<key>sourceTree</key>
				<string>&lt;group&gt;</string>
			</dict>
			<key>7EEFEB22FC89FBD796DBB6B0</key>
			<dict>
				<key>fileRef</key>
				<string>79792A668FFCA41D1BF335A1</string>
				<key>isa</key>
				<string>PBXBuildFile</string>
			</dict>
			<key>79792A668FFCA41D1BF335A1</key>
			<dict>
				<key>explicitFileType</key>
				<string>sourcecode.cpp.cpp</string>
				<key>fileEncoding</key>
				<string>30</string>
				<key>isa</key>
				<string>PBXFileReference</string>
				<key>name</key>
				<string>OscOutboundPacketStream.cpp</string>
				<key>path</key>
				<string>../../../../../../Frameworks/of_v0.9.8_osx_release/addons/ofxOsc/libs/oscpack/src/osc/OscOutboundPacketStream.cpp</string>
				<key>sourceTree</key>
				<string>SOURCE_ROOT</string>
			</dict>
			<key>5F89F8EAEFFDDC9E06B4B5CC</key>
			<dict>
				<key>explicitFileType</key>
				<string>sourcecode.c.h</string>
				<key>fileEncoding</key>
				<string>30</string>
				<key>isa</key>
				<string>PBXFileReference</string>
				<key>name</key>
				<string>ofxOscSender.h</string>
				<key>path</key>
				<string>../../../../../../Frameworks/of_v0.9.8_osx_release/addons/ofxOsc/src/ofxOscSender.h</string>
				<key>sourceTree</key>
				<string>SOURCE_ROOT</string>
			</dict>
			<key>0668BB5340D6ABBB42323DE1</key>
			<dict>
				<key>fileRef</key>
				<string>913788A14E331319C578204A</string>
				<key>isa</key>
				<string>PBXBuildFile</string>
			</dict>
			<key>913788A14E331319C578204A</key>
			<dict>
				<key>explicitFileType</key>
				<string>sourcecode.cpp.cpp</string>
				<key>fileEncoding</key>
				<string>30</string>
				<key>isa</key>
				<string>PBXFileReference</string>
				<key>name</key>
				<string>ofxOscSender.cpp</string>
				<key>path</key>
				<string>../../../../../../Frameworks/of_v0.9.8_osx_release/addons/ofxOsc/src/ofxOscSender.cpp</string>
				<key>sourceTree</key>
				<string>SOURCE_ROOT</string>
			</dict>
			<key>EE3535F0B3F08099C5D61144</key>
			<dict>
				<key>explicitFileType</key>
				<string>sourcecode.c.h</string>
				<key>fileEncoding</key>
				<string>30</string>
				<key>isa</key>
				<string>PBXFileReference</string>
				<key>name</key>
				<string>ofxOscBundle.h</string>
				<key>path</key>
				<string>../../../../../../Frameworks/of_v0.9.8_osx_release/addons/ofxOsc/src/ofxOscBundle.h</string>
				<key>sourceTree</key>
				<string>SOURCE_ROOT</string>
			</dict>
			<key>480082673A8F29CEF6F6892D</key>
			<dict>
				<key>explicitFileType</key>
				<string>sourcecode.c.h</string>
				<key>fileEncoding</key>
				<string>30</string>
				<key>isa</key>
				<string>PBXFileReference</string>
				<key>name</key>
				<string>ofxOscMessage.h</string>
				<key>path</key>
				<string>../../../../../../Frameworks/of_v0.9.8_osx_release/addons/ofxOsc/src/ofxOscMessage.h</string>
				<key>sourceTree</key>
				<string>SOURCE_ROOT</string>
			</dict>
			<key>15AB68D36A416FB1EF20946B</key>
			<dict>
				<key>fileRef</key>
				<string>F307136B573559011171A002</string>
				<key>isa</key>
				<string>PBXBuildFile</string>
			</dict>
			<key>F307136B573559011171A002</key>
			<dict>
				<key>explicitFileType</key>
				<string>sourcecode.cpp.cpp</string>
				<key>fileEncoding</key>
				<string>30</string>
				<key>isa</key>
				<string>PBXFileReference</string>
				<key>name</key>
				<string>ofxOscReceiver.cpp</string>
				<key>path</key>
				<string>../../../../../../Frameworks/of_v0.9.8_osx_release/addons/ofxOsc/src/ofxOscReceiver.cpp</string>
				<key>sourceTree</key>
				<string>SOURCE_ROOT</string>
			</dict>
			<key>4A9D2588A30690903014D988</key>
			<dict>
				<key>explicitFileType</key>
				<string>sourcecode.c.h</string>
				<key>fileEncoding</key>
				<string>30</string>
				<key>isa</key>
				<string>PBXFileReference</string>
				<key>name</key>
				<string>ofxOscArg.h</string>
				<key>path</key>
				<string>../../../../../../Frameworks/of_v0.9.8_osx_release/addons/ofxOsc/src/ofxOscArg.h</string>
				<key>sourceTree</key>
				<string>SOURCE_ROOT</string>
			</dict>
			<key>696A327A230B4B081FF87B32</key>
			<dict>
				<key>explicitFileType</key>
				<string>sourcecode.c.h</string>
				<key>fileEncoding</key>
				<string>30</string>
				<key>isa</key>
				<string>PBXFileReference</string>
				<key>name</key>
				<string>ofxOscReceiver.h</string>
				<key>path</key>
				<string>../../../../../../Frameworks/of_v0.9.8_osx_release/addons/ofxOsc/src/ofxOscReceiver.h</string>
				<key>sourceTree</key>
				<string>SOURCE_ROOT</string>
			</dict>
			<key>1BE4F29D0C1F505DE6301EFE</key>
			<dict>
				<key>fileRef</key>
				<string>58475955258691E02CA278B4</string>
				<key>isa</key>
				<string>PBXBuildFile</string>
			</dict>
			<key>58475955258691E02CA278B4</key>
			<dict>
				<key>explicitFileType</key>
				<string>sourcecode.cpp.cpp</string>
				<key>fileEncoding</key>
				<string>30</string>
				<key>isa</key>
				<string>PBXFileReference</string>
				<key>name</key>
				<string>ofxOscBundle.cpp</string>
				<key>path</key>
				<string>../../../../../../Frameworks/of_v0.9.8_osx_release/addons/ofxOsc/src/ofxOscBundle.cpp</string>
				<key>sourceTree</key>
				<string>SOURCE_ROOT</string>
			</dict>
			<key>409AE32545AE618EA825CF4C</key>
			<dict>
				<key>explicitFileType</key>
				<string>sourcecode.c.h</string>
				<key>fileEncoding</key>
				<string>30</string>
				<key>isa</key>
				<string>PBXFileReference</string>
				<key>name</key>
				<string>ofxOsc.h</string>
				<key>path</key>
				<string>../../../../../../Frameworks/of_v0.9.8_osx_release/addons/ofxOsc/src/ofxOsc.h</string>
				<key>sourceTree</key>
				<string>SOURCE_ROOT</string>
			</dict>
			<key>5A9DC9AFB6F4A2E82A0A4962</key>
			<dict>
				<key>fileRef</key>
				<string>FA6CE1B38C3E0471DD26C880</string>
				<key>isa</key>
				<string>PBXBuildFile</string>
			</dict>
			<key>FA6CE1B38C3E0471DD26C880</key>
			<dict>
				<key>explicitFileType</key>
				<string>sourcecode.cpp.cpp</string>
				<key>fileEncoding</key>
				<string>30</string>
				<key>isa</key>
				<string>PBXFileReference</string>
				<key>name</key>
				<string>ofxOscMessage.cpp</string>
				<key>path</key>
				<string>../../../../../../Frameworks/of_v0.9.8_osx_release/addons/ofxOsc/src/ofxOscMessage.cpp</string>
				<key>sourceTree</key>
				<string>SOURCE_ROOT</string>
			</dict>
			<key>E33C83563000CF1C48B2D827</key>
			<dict>
				<key>fileRef</key>
				<string>7C00260C78772F6577115D62</string>
				<key>isa</key>
				<string>PBXBuildFile</string>
			</dict>
			<key>7C00260C78772F6577115D62</key>
			<dict>
				<key>explicitFileType</key>
				<string>sourcecode.cpp.cpp</string>
				<key>fileEncoding</key>
				<string>30</string>
				<key>isa</key>
				<string>PBXFileReference</string>
				<key>name</key>
				<string>ofxOscParameterSync.cpp</string>
				<key>path</key>
				<string>../../../../../../Frameworks/of_v0.9.8_osx_release/addons/ofxOsc/src/ofxOscParameterSync.cpp</string>
				<key>sourceTree</key>
				<string>SOURCE_ROOT</string>
			</dict>
			<key>BD2F1A9F8D0C05EDB29122D0</key>
			<dict>
				<key>children</key>
				<array>
					<string>F03E8DEA951CE48FBF09DE99</string>
					<string>7C00260C78772F6577115D62</string>
					<string>FA6CE1B38C3E0471DD26C880</string>
					<string>409AE32545AE618EA825CF4C</string>
					<string>58475955258691E02CA278B4</string>
					<string>696A327A230B4B081FF87B32</string>
					<string>4A9D2588A30690903014D988</string>
					<string>F307136B573559011171A002</string>
					<string>480082673A8F29CEF6F6892D</string>
					<string>EE3535F0B3F08099C5D61144</string>
					<string>913788A14E331319C578204A</string>
					<string>5F89F8EAEFFDDC9E06B4B5CC</string>
				</array>
				<key>isa</key>
				<string>PBXGroup</string>
				<key>name</key>
				<string>src</string>
				<key>sourceTree</key>
				<string>&lt;group&gt;</string>
			</dict>
			<key>E6053AB7FEC63D5F83825B88</key>
			<dict>
				<key>children</key>
				<array>
					<string>BD2F1A9F8D0C05EDB29122D0</string>
					<string>38871A5825686AE018EC2BF0</string>
				</array>
				<key>isa</key>
				<string>PBXGroup</string>
				<key>name</key>
				<string>ofxOsc</string>
				<key>sourceTree</key>
				<string>&lt;group&gt;</string>
			</dict>
			<key>F03E8DEA951CE48FBF09DE99</key>
			<dict>
				<key>explicitFileType</key>
				<string>sourcecode.c.h</string>
				<key>fileEncoding</key>
				<string>30</string>
				<key>isa</key>
				<string>PBXFileReference</string>
				<key>name</key>
				<string>ofxOscParameterSync.h</string>
				<key>path</key>
				<string>../../../../../../Frameworks/of_v0.9.8_osx_release/addons/ofxOsc/src/ofxOscParameterSync.h</string>
				<key>sourceTree</key>
				<string>SOURCE_ROOT</string>
			</dict>
			<key>70C2BF59AF5C56FE97DFB899</key>
			<dict>
				<key>explicitFileType</key>
				<string>sourcecode.c.h</string>
				<key>fileEncoding</key>
				<string>30</string>
				<key>isa</key>
				<string>PBXFileReference</string>
				<key>name</key>
				<string>ofxPanel.h</string>
				<key>path</key>
				<string>../../../../../../Frameworks/of_v0.9.8_osx_release/addons/ofxGui/src/ofxPanel.h</string>
				<key>sourceTree</key>
				<string>SOURCE_ROOT</string>
			</dict>
			<key>820BA8359D608A674BAC5927</key>
			<dict>
				<key>fileRef</key>
				<string>34B5E9E8624181D5F18CC7FA</string>
				<key>isa</key>
				<string>PBXBuildFile</string>
			</dict>
			<key>34B5E9E8624181D5F18CC7FA</key>
			<dict>
				<key>explicitFileType</key>
				<string>sourcecode.cpp.cpp</string>
				<key>fileEncoding</key>
				<string>30</string>
				<key>isa</key>
				<string>PBXFileReference</string>
				<key>name</key>
				<string>ofxSlider.cpp</string>
				<key>path</key>
				<string>../../../../../../Frameworks/of_v0.9.8_osx_release/addons/ofxGui/src/ofxSlider.cpp</string>
				<key>sourceTree</key>
				<string>SOURCE_ROOT</string>
			</dict>
			<key>46E469C75C785E8AF5F9592E</key>
			<dict>
				<key>fileRef</key>
				<string>EB81D91D708C980F5C02BEEA</string>
				<key>isa</key>
				<string>PBXBuildFile</string>
			</dict>
			<key>EB81D91D708C980F5C02BEEA</key>
			<dict>
				<key>explicitFileType</key>
				<string>sourcecode.cpp.cpp</string>
				<key>fileEncoding</key>
				<string>30</string>
				<key>isa</key>
				<string>PBXFileReference</string>
				<key>name</key>
				<string>ofxPanel.cpp</string>
				<key>path</key>
				<string>../../../../../../Frameworks/of_v0.9.8_osx_release/addons/ofxGui/src/ofxPanel.cpp</string>
				<key>sourceTree</key>
				<string>SOURCE_ROOT</string>
			</dict>
			<key>103D1D4C0639C5957782B358</key>
			<dict>
				<key>explicitFileType</key>
				<string>sourcecode.c.h</string>
				<key>fileEncoding</key>
				<string>30</string>
				<key>isa</key>
				<string>PBXFileReference</string>
				<key>name</key>
				<string>ofxSliderGroup.h</string>
				<key>path</key>
				<string>../../../../../../Frameworks/of_v0.9.8_osx_release/addons/ofxGui/src/ofxSliderGroup.h</string>
				<key>sourceTree</key>
				<string>SOURCE_ROOT</string>
			</dict>
			<key>445FBF8C1DDE8E6382EDE884</key>
			<dict>
				<key>explicitFileType</key>
				<string>sourcecode.c.h</string>
				<key>fileEncoding</key>
				<string>30</string>
				<key>isa</key>
				<string>PBXFileReference</string>
				<key>name</key>
				<string>ofxLabel.h</string>
				<key>path</key>
				<string>../../../../../../Frameworks/of_v0.9.8_osx_release/addons/ofxGui/src/ofxLabel.h</string>
				<key>sourceTree</key>
				<string>SOURCE_ROOT</string>
			</dict>
			<key>A993A8D25393BF5FCA7D0582</key>
			<dict>
				<key>explicitFileType</key>
				<string>sourcecode.c.h</string>
				<key>fileEncoding</key>
				<string>30</string>
				<key>isa</key>
				<string>PBXFileReference</string>
				<key>name</key>
				<string>ofxButton.h</string>
				<key>path</key>
				<string>../../../../../../Frameworks/of_v0.9.8_osx_release/addons/ofxGui/src/ofxButton.h</string>
				<key>sourceTree</key>
				<string>SOURCE_ROOT</string>
			</dict>
			<key>8C67B3A4538AF37BE0BE04ED</key>
			<dict>
				<key>explicitFileType</key>
				<string>sourcecode.c.h</string>
				<key>fileEncoding</key>
				<string>30</string>
				<key>isa</key>
				<string>PBXFileReference</string>
				<key>name</key>
				<string>ofxBaseGui.h</string>
				<key>path</key>
				<string>../../../../../../Frameworks/of_v0.9.8_osx_release/addons/ofxGui/src/ofxBaseGui.h</string>
				<key>sourceTree</key>
				<string>SOURCE_ROOT</string>
			</dict>
			<key>5C2B182CD848D9C283DBB7B0</key>
			<dict>
				<key>explicitFileType</key>
				<string>sourcecode.c.h</string>
				<key>fileEncoding</key>
				<string>30</string>
				<key>isa</key>
				<string>PBXFileReference</string>
				<key>name</key>
				<string>ofxGui.h</string>
				<key>path</key>
				<string>../../../../../../Frameworks/of_v0.9.8_osx_release/addons/ofxGui/src/ofxGui.h</string>
				<key>sourceTree</key>
				<string>SOURCE_ROOT</string>
			</dict>
			<key>5F7767E985CBA31544DC8419</key>
			<dict>
				<key>explicitFileType</key>
				<string>sourcecode.c.h</string>
				<key>fileEncoding</key>
				<string>30</string>
				<key>isa</key>
				<string>PBXFileReference</string>
				<key>name</key>
				<string>ofxSlider.h</string>
				<key>path</key>
				<string>../../../../../../Frameworks/of_v0.9.8_osx_release/addons/ofxGui/src/ofxSlider.h</string>
				<key>sourceTree</key>
				<string>SOURCE_ROOT</string>
			</dict>
			<key>4B194A60252868C884934E7E</key>
			<dict>
				<key>fileRef</key>
				<string>0FA4D9F2D90F0F2A7C56C913</string>
				<key>isa</key>
				<string>PBXBuildFile</string>
			</dict>
			<key>0FA4D9F2D90F0F2A7C56C913</key>
			<dict>
				<key>explicitFileType</key>
				<string>sourcecode.cpp.cpp</string>
				<key>fileEncoding</key>
				<string>30</string>
				<key>isa</key>
				<string>PBXFileReference</string>
				<key>name</key>
				<string>ofxLabel.cpp</string>
				<key>path</key>
				<string>../../../../../../Frameworks/of_v0.9.8_osx_release/addons/ofxGui/src/ofxLabel.cpp</string>
				<key>sourceTree</key>
				<string>SOURCE_ROOT</string>
			</dict>
			<key>5401C7FF638EFBCFEF68935C</key>
			<dict>
				<key>explicitFileType</key>
				<string>sourcecode.c.h</string>
				<key>fileEncoding</key>
				<string>30</string>
				<key>isa</key>
				<string>PBXFileReference</string>
				<key>name</key>
				<string>ofxToggle.h</string>
				<key>path</key>
				<string>../../../../../../Frameworks/of_v0.9.8_osx_release/addons/ofxGui/src/ofxToggle.h</string>
				<key>sourceTree</key>
				<string>SOURCE_ROOT</string>
			</dict>
			<key>73AD99805B57606B89AB4BE3</key>
			<dict>
				<key>fileRef</key>
				<string>D8CF6278576176A522689A39</string>
				<key>isa</key>
				<string>PBXBuildFile</string>
			</dict>
			<key>D8CF6278576176A522689A39</key>
			<dict>
				<key>explicitFileType</key>
				<string>sourcecode.cpp.cpp</string>
				<key>fileEncoding</key>
				<string>30</string>
				<key>isa</key>
				<string>PBXFileReference</string>
				<key>name</key>
				<string>ofxGuiGroup.cpp</string>
				<key>path</key>
				<string>../../../../../../Frameworks/of_v0.9.8_osx_release/addons/ofxGui/src/ofxGuiGroup.cpp</string>
				<key>sourceTree</key>
				<string>SOURCE_ROOT</string>
			</dict>
			<key>4F165F615688C2270E378306</key>
			<dict>
				<key>fileRef</key>
				<string>EAE307B6B9FC1092938A0FCD</string>
				<key>isa</key>
				<string>PBXBuildFile</string>
			</dict>
			<key>EAE307B6B9FC1092938A0FCD</key>
			<dict>
				<key>explicitFileType</key>
				<string>sourcecode.cpp.cpp</string>
				<key>fileEncoding</key>
				<string>30</string>
				<key>isa</key>
				<string>PBXFileReference</string>
				<key>name</key>
				<string>ofxButton.cpp</string>
				<key>path</key>
				<string>../../../../../../Frameworks/of_v0.9.8_osx_release/addons/ofxGui/src/ofxButton.cpp</string>
				<key>sourceTree</key>
				<string>SOURCE_ROOT</string>
			</dict>
			<key>C217EE4BC9DBA29DAAC92BEC</key>
			<dict>
				<key>fileRef</key>
				<string>50A62A6845CA14EC4F0EDD5E</string>
				<key>isa</key>
				<string>PBXBuildFile</string>
			</dict>
			<key>50A62A6845CA14EC4F0EDD5E</key>
			<dict>
				<key>explicitFileType</key>
				<string>sourcecode.cpp.cpp</string>
				<key>fileEncoding</key>
				<string>30</string>
				<key>isa</key>
				<string>PBXFileReference</string>
				<key>name</key>
				<string>ofxToggle.cpp</string>
				<key>path</key>
				<string>../../../../../../Frameworks/of_v0.9.8_osx_release/addons/ofxGui/src/ofxToggle.cpp</string>
				<key>sourceTree</key>
				<string>SOURCE_ROOT</string>
			</dict>
			<key>434FCDC6AE64739A9F35734E</key>
			<dict>
				<key>fileRef</key>
				<string>CF0C379AF794B51667AE16A2</string>
				<key>isa</key>
				<string>PBXBuildFile</string>
			</dict>
			<key>CF0C379AF794B51667AE16A2</key>
			<dict>
				<key>explicitFileType</key>
				<string>sourcecode.cpp.cpp</string>
				<key>fileEncoding</key>
				<string>30</string>
				<key>isa</key>
				<string>PBXFileReference</string>
				<key>name</key>
				<string>ofxSliderGroup.cpp</string>
				<key>path</key>
				<string>../../../../../../Frameworks/of_v0.9.8_osx_release/addons/ofxGui/src/ofxSliderGroup.cpp</string>
				<key>sourceTree</key>
				<string>SOURCE_ROOT</string>
			</dict>
			<key>A404B02CCFF17E8EA7BCB1EA</key>
			<dict>
				<key>fileRef</key>
				<string>DFBE0F78B6438DE2B8B92364</string>
				<key>isa</key>
				<string>PBXBuildFile</string>
			</dict>
			<key>DFBE0F78B6438DE2B8B92364</key>
			<dict>
				<key>explicitFileType</key>
				<string>sourcecode.cpp.cpp</string>
				<key>fileEncoding</key>
				<string>30</string>
				<key>isa</key>
				<string>PBXFileReference</string>
				<key>name</key>
				<string>ofxBaseGui.cpp</string>
				<key>path</key>
				<string>../../../../../../Frameworks/of_v0.9.8_osx_release/addons/ofxGui/src/ofxBaseGui.cpp</string>
				<key>sourceTree</key>
				<string>SOURCE_ROOT</string>
			</dict>
			<key>A763ED608B35AE3310251DEE</key>
			<dict>
				<key>children</key>
				<array>
					<string>2F468B47BA18C23D181C5F5D</string>
					<string>DFBE0F78B6438DE2B8B92364</string>
					<string>CF0C379AF794B51667AE16A2</string>
					<string>50A62A6845CA14EC4F0EDD5E</string>
					<string>EAE307B6B9FC1092938A0FCD</string>
					<string>D8CF6278576176A522689A39</string>
					<string>5401C7FF638EFBCFEF68935C</string>
					<string>0FA4D9F2D90F0F2A7C56C913</string>
					<string>5F7767E985CBA31544DC8419</string>
					<string>5C2B182CD848D9C283DBB7B0</string>
					<string>8C67B3A4538AF37BE0BE04ED</string>
					<string>A993A8D25393BF5FCA7D0582</string>
					<string>445FBF8C1DDE8E6382EDE884</string>
					<string>103D1D4C0639C5957782B358</string>
					<string>EB81D91D708C980F5C02BEEA</string>
					<string>34B5E9E8624181D5F18CC7FA</string>
					<string>70C2BF59AF5C56FE97DFB899</string>
				</array>
				<key>isa</key>
				<string>PBXGroup</string>
				<key>name</key>
				<string>src</string>
				<key>sourceTree</key>
				<string>&lt;group&gt;</string>
			</dict>
			<key>480A780D8D0308AE4A368801</key>
			<dict>
				<key>children</key>
				<array>
					<string>A763ED608B35AE3310251DEE</string>
				</array>
				<key>isa</key>
				<string>PBXGroup</string>
				<key>name</key>
				<string>ofxGui</string>
				<key>sourceTree</key>
				<string>&lt;group&gt;</string>
			</dict>
			<key>2F468B47BA18C23D181C5F5D</key>
			<dict>
				<key>explicitFileType</key>
				<string>sourcecode.c.h</string>
				<key>fileEncoding</key>
				<string>30</string>
				<key>isa</key>
				<string>PBXFileReference</string>
				<key>name</key>
				<string>ofxGuiGroup.h</string>
				<key>path</key>
				<string>../../../../../../Frameworks/of_v0.9.8_osx_release/addons/ofxGui/src/ofxGuiGroup.h</string>
				<key>sourceTree</key>
				<string>SOURCE_ROOT</string>
			</dict>
			<key>8B2ACB7AF3990C4BBC356AE1</key>
			<dict>
				<key>explicitFileType</key>
				<string>sourcecode.c.h</string>
				<key>fileEncoding</key>
				<string>30</string>
				<key>isa</key>
				<string>PBXFileReference</string>
				<key>name</key>
				<string>Gist.h</string>
				<key>path</key>
				<string>../../../../../../Frameworks/of_v0.9.8_osx_release/addons/ofxGist/libs/Gist/src/Gist.h</string>
				<key>sourceTree</key>
				<string>SOURCE_ROOT</string>
			</dict>
			<key>77A2DA7489B4660C5D67765E</key>
			<dict>
				<key>explicitFileType</key>
				<string>sourcecode.c.h</string>
				<key>fileEncoding</key>
				<string>30</string>
				<key>isa</key>
				<string>PBXFileReference</string>
				<key>name</key>
				<string>OnsetDetectionFunction.h</string>
				<key>path</key>
				<string>../../../../../../Frameworks/of_v0.9.8_osx_release/addons/ofxGist/libs/Gist/src/onset-detection-functions/OnsetDetectionFunction.h</string>
				<key>sourceTree</key>
				<string>SOURCE_ROOT</string>
			</dict>
			<key>66DF6AAD882E02DB09AAFF04</key>
			<dict>
				<key>children</key>
				<array>
					<string>24DD2F0510F7EE6B42AD53CE</string>
					<string>77A2DA7489B4660C5D67765E</string>
				</array>
				<key>isa</key>
				<string>PBXGroup</string>
				<key>name</key>
				<string>onset-detection-functions</string>
				<key>sourceTree</key>
				<string>&lt;group&gt;</string>
			</dict>
			<key>F7FD59E0C175430963C26710</key>
			<dict>
				<key>fileRef</key>
				<string>24DD2F0510F7EE6B42AD53CE</string>
				<key>isa</key>
				<string>PBXBuildFile</string>
			</dict>
			<key>24DD2F0510F7EE6B42AD53CE</key>
			<dict>
				<key>explicitFileType</key>
				<string>sourcecode.cpp.cpp</string>
				<key>fileEncoding</key>
				<string>30</string>
				<key>isa</key>
				<string>PBXFileReference</string>
				<key>name</key>
				<string>OnsetDetectionFunction.cpp</string>
				<key>path</key>
				<string>../../../../../../Frameworks/of_v0.9.8_osx_release/addons/ofxGist/libs/Gist/src/onset-detection-functions/OnsetDetectionFunction.cpp</string>
				<key>sourceTree</key>
				<string>SOURCE_ROOT</string>
			</dict>
			<key>4DA74CD6815AE82DFEA8A7AA</key>
			<dict>
				<key>explicitFileType</key>
				<string>sourcecode.c.h</string>
				<key>fileEncoding</key>
				<string>30</string>
				<key>isa</key>
				<string>PBXFileReference</string>
				<key>name</key>
				<string>CoreTimeDomainFeatures.h</string>
				<key>path</key>
				<string>../../../../../../Frameworks/of_v0.9.8_osx_release/addons/ofxGist/libs/Gist/src/core/CoreTimeDomainFeatures.h</string>
				<key>sourceTree</key>
				<string>SOURCE_ROOT</string>
			</dict>
			<key>165BB425DA3161781E5139B3</key>
			<dict>
				<key>fileRef</key>
				<string>DF575322BEC57CF8D5CD8A75</string>
				<key>isa</key>
				<string>PBXBuildFile</string>
			</dict>
			<key>DF575322BEC57CF8D5CD8A75</key>
			<dict>
				<key>explicitFileType</key>
				<string>sourcecode.cpp.cpp</string>
				<key>fileEncoding</key>
				<string>30</string>
				<key>isa</key>
				<string>PBXFileReference</string>
				<key>name</key>
				<string>CoreTimeDomainFeatures.cpp</string>
				<key>path</key>
				<string>../../../../../../Frameworks/of_v0.9.8_osx_release/addons/ofxGist/libs/Gist/src/core/CoreTimeDomainFeatures.cpp</string>
				<key>sourceTree</key>
				<string>SOURCE_ROOT</string>
			</dict>
			<key>7159A5AFC1516532E743F0FA</key>
			<dict>
				<key>fileRef</key>
				<string>2341FB7E971A423EF8AC2CD5</string>
				<key>isa</key>
				<string>PBXBuildFile</string>
			</dict>
			<key>2341FB7E971A423EF8AC2CD5</key>
			<dict>
				<key>explicitFileType</key>
				<string>sourcecode.cpp.cpp</string>
				<key>fileEncoding</key>
				<string>30</string>
				<key>isa</key>
				<string>PBXFileReference</string>
				<key>name</key>
				<string>CoreFrequencyDomainFeatures.cpp</string>
				<key>path</key>
				<string>../../../../../../Frameworks/of_v0.9.8_osx_release/addons/ofxGist/libs/Gist/src/core/CoreFrequencyDomainFeatures.cpp</string>
				<key>sourceTree</key>
				<string>SOURCE_ROOT</string>
			</dict>
			<key>B64AE9999B16EA476BC79B1D</key>
			<dict>
				<key>children</key>
				<array>
					<string>D5730560817A236A6F1220A6</string>
					<string>2341FB7E971A423EF8AC2CD5</string>
					<string>DF575322BEC57CF8D5CD8A75</string>
					<string>4DA74CD6815AE82DFEA8A7AA</string>
				</array>
				<key>isa</key>
				<string>PBXGroup</string>
				<key>name</key>
				<string>core</string>
				<key>sourceTree</key>
				<string>&lt;group&gt;</string>
			</dict>
			<key>D5730560817A236A6F1220A6</key>
			<dict>
				<key>explicitFileType</key>
				<string>sourcecode.c.h</string>
				<key>fileEncoding</key>
				<string>30</string>
				<key>isa</key>
				<string>PBXFileReference</string>
				<key>name</key>
				<string>CoreFrequencyDomainFeatures.h</string>
				<key>path</key>
				<string>../../../../../../Frameworks/of_v0.9.8_osx_release/addons/ofxGist/libs/Gist/src/core/CoreFrequencyDomainFeatures.h</string>
				<key>sourceTree</key>
				<string>SOURCE_ROOT</string>
			</dict>
			<key>10804A7163E199DED8966D1B</key>
			<dict>
				<key>explicitFileType</key>
				<string>sourcecode.c.h</string>
				<key>fileEncoding</key>
				<string>30</string>
				<key>isa</key>
				<string>PBXFileReference</string>
				<key>name</key>
				<string>MFCC.h</string>
				<key>path</key>
				<string>../../../../../../Frameworks/of_v0.9.8_osx_release/addons/ofxGist/libs/Gist/src/mfcc/MFCC.h</string>
				<key>sourceTree</key>
				<string>SOURCE_ROOT</string>
			</dict>
			<key>ACECA43F9D8CB4D1C91231D9</key>
			<dict>
				<key>children</key>
				<array>
					<string>E2BFC881C9A5993CB68EB4B4</string>
					<string>10804A7163E199DED8966D1B</string>
				</array>
				<key>isa</key>
				<string>PBXGroup</string>
				<key>name</key>
				<string>mfcc</string>
				<key>sourceTree</key>
				<string>&lt;group&gt;</string>
			</dict>
			<key>9CE8557303A352717C6D9CF2</key>
			<dict>
				<key>fileRef</key>
				<string>E2BFC881C9A5993CB68EB4B4</string>
				<key>isa</key>
				<string>PBXBuildFile</string>
			</dict>
			<key>E2BFC881C9A5993CB68EB4B4</key>
			<dict>
				<key>explicitFileType</key>
				<string>sourcecode.cpp.cpp</string>
				<key>fileEncoding</key>
				<string>30</string>
				<key>isa</key>
				<string>PBXFileReference</string>
				<key>name</key>
				<string>MFCC.cpp</string>
				<key>path</key>
				<string>../../../../../../Frameworks/of_v0.9.8_osx_release/addons/ofxGist/libs/Gist/src/mfcc/MFCC.cpp</string>
				<key>sourceTree</key>
				<string>SOURCE_ROOT</string>
			</dict>
			<key>BF36A013A790D81F74195915</key>
			<dict>
				<key>fileRef</key>
				<string>8C5409063719EAC8E04D4C92</string>
				<key>isa</key>
				<string>PBXBuildFile</string>
			</dict>
			<key>8C5409063719EAC8E04D4C92</key>
			<dict>
				<key>explicitFileType</key>
				<string>sourcecode.cpp.cpp</string>
				<key>fileEncoding</key>
				<string>30</string>
				<key>isa</key>
				<string>PBXFileReference</string>
				<key>name</key>
				<string>Yin.cpp</string>
				<key>path</key>
				<string>../../../../../../Frameworks/of_v0.9.8_osx_release/addons/ofxGist/libs/Gist/src/pitch/Yin.cpp</string>
				<key>sourceTree</key>
				<string>SOURCE_ROOT</string>
			</dict>
			<key>19CC9DBF53BA5239F596F28B</key>
			<dict>
				<key>children</key>
				<array>
					<string>53CC7D71927CD88D5EE18624</string>
					<string>8C5409063719EAC8E04D4C92</string>
				</array>
				<key>isa</key>
				<string>PBXGroup</string>
				<key>name</key>
				<string>pitch</string>
				<key>sourceTree</key>
				<string>&lt;group&gt;</string>
			</dict>
			<key>535170E6156B4FFE6DF6AEEE</key>
			<dict>
				<key>children</key>
				<array>
					<string>19CC9DBF53BA5239F596F28B</string>
					<string>ACECA43F9D8CB4D1C91231D9</string>
					<string>B64AE9999B16EA476BC79B1D</string>
					<string>66DF6AAD882E02DB09AAFF04</string>
					<string>8B2ACB7AF3990C4BBC356AE1</string>
				</array>
				<key>isa</key>
				<string>PBXGroup</string>
				<key>name</key>
				<string>src</string>
				<key>sourceTree</key>
				<string>&lt;group&gt;</string>
			</dict>
			<key>4A21170E57FF329CCF599FB4</key>
			<dict>
				<key>children</key>
				<array>
					<string>535170E6156B4FFE6DF6AEEE</string>
				</array>
				<key>isa</key>
				<string>PBXGroup</string>
				<key>name</key>
				<string>Gist</string>
				<key>sourceTree</key>
				<string>&lt;group&gt;</string>
			</dict>
			<key>53CC7D71927CD88D5EE18624</key>
			<dict>
				<key>explicitFileType</key>
				<string>sourcecode.c.h</string>
				<key>fileEncoding</key>
				<string>30</string>
				<key>isa</key>
				<string>PBXFileReference</string>
				<key>name</key>
				<string>Yin.h</string>
				<key>path</key>
				<string>../../../../../../Frameworks/of_v0.9.8_osx_release/addons/ofxGist/libs/Gist/src/pitch/Yin.h</string>
				<key>sourceTree</key>
				<string>SOURCE_ROOT</string>
			</dict>
			<key>276B3CB0C5044A4914DA287F</key>
			<dict>
				<key>explicitFileType</key>
				<string>sourcecode.c.h</string>
				<key>fileEncoding</key>
				<string>30</string>
				<key>isa</key>
				<string>PBXFileReference</string>
				<key>name</key>
				<string>kiss_fft.h</string>
				<key>path</key>
				<string>../../../../../../Frameworks/of_v0.9.8_osx_release/addons/ofxGist/libs/kiss_fft130/kiss_fft.h</string>
				<key>sourceTree</key>
				<string>SOURCE_ROOT</string>
			</dict>
			<key>F43AABA8361A7F0D01125083</key>
			<dict>
				<key>explicitFileType</key>
				<string>sourcecode.c.h</string>
				<key>fileEncoding</key>
				<string>30</string>
				<key>isa</key>
				<string>PBXFileReference</string>
				<key>name</key>
				<string>_kiss_fft_guts.h</string>
				<key>path</key>
				<string>../../../../../../Frameworks/of_v0.9.8_osx_release/addons/ofxGist/libs/kiss_fft130/_kiss_fft_guts.h</string>
				<key>sourceTree</key>
				<string>SOURCE_ROOT</string>
			</dict>
			<key>150DF4F47D909A33BA5326B7</key>
			<dict>
				<key>children</key>
				<array>
					<string>15AA8F5D3433CBD59F67BCD3</string>
					<string>F43AABA8361A7F0D01125083</string>
					<string>276B3CB0C5044A4914DA287F</string>
				</array>
				<key>isa</key>
				<string>PBXGroup</string>
				<key>name</key>
				<string>kiss_fft130</string>
				<key>sourceTree</key>
				<string>&lt;group&gt;</string>
			</dict>
			<key>C8B8C5738FD5E92035643E6E</key>
			<dict>
				<key>fileRef</key>
				<string>15AA8F5D3433CBD59F67BCD3</string>
				<key>isa</key>
				<string>PBXBuildFile</string>
			</dict>
			<key>15AA8F5D3433CBD59F67BCD3</key>
			<dict>
				<key>explicitFileType</key>
				<string>sourcecode.c.c</string>
				<key>fileEncoding</key>
				<string>30</string>
				<key>isa</key>
				<string>PBXFileReference</string>
				<key>name</key>
				<string>kiss_fft.c</string>
				<key>path</key>
				<string>../../../../../../Frameworks/of_v0.9.8_osx_release/addons/ofxGist/libs/kiss_fft130/kiss_fft.c</string>
				<key>sourceTree</key>
				<string>SOURCE_ROOT</string>
			</dict>
			<key>88421F92EA7D2BDCC728CD0F</key>
			<dict>
				<key>fileRef</key>
				<string>DA2CBB268620323E049E89F3</string>
				<key>isa</key>
				<string>PBXBuildFile</string>
			</dict>
			<key>DA2CBB268620323E049E89F3</key>
			<dict>
				<key>explicitFileType</key>
				<string>sourcecode.cpp.cpp</string>
				<key>fileEncoding</key>
				<string>30</string>
				<key>isa</key>
				<string>PBXFileReference</string>
				<key>name</key>
				<string>Chromagram.cpp</string>
				<key>path</key>
				<string>../../../../../../Frameworks/of_v0.9.8_osx_release/addons/ofxGist/libs/Stark-Plumbley/Chromagram.cpp</string>
				<key>sourceTree</key>
				<string>SOURCE_ROOT</string>
			</dict>
			<key>816928642AE8C126A1B53F20</key>
			<dict>
				<key>explicitFileType</key>
				<string>sourcecode.c.h</string>
				<key>fileEncoding</key>
				<string>30</string>
				<key>isa</key>
				<string>PBXFileReference</string>
				<key>name</key>
				<string>ChordDetector.h</string>
				<key>path</key>
				<string>../../../../../../Frameworks/of_v0.9.8_osx_release/addons/ofxGist/libs/Stark-Plumbley/ChordDetector.h</string>
				<key>sourceTree</key>
				<string>SOURCE_ROOT</string>
			</dict>
			<key>78A7BCE5833AEEB7629176FF</key>
			<dict>
				<key>fileRef</key>
				<string>BFC640326671A60989E0EA81</string>
				<key>isa</key>
				<string>PBXBuildFile</string>
			</dict>
			<key>BFC640326671A60989E0EA81</key>
			<dict>
				<key>explicitFileType</key>
				<string>sourcecode.cpp.cpp</string>
				<key>fileEncoding</key>
				<string>30</string>
				<key>isa</key>
				<string>PBXFileReference</string>
				<key>name</key>
				<string>ChordDetector.cpp</string>
				<key>path</key>
				<string>../../../../../../Frameworks/of_v0.9.8_osx_release/addons/ofxGist/libs/Stark-Plumbley/ChordDetector.cpp</string>
				<key>sourceTree</key>
				<string>SOURCE_ROOT</string>
			</dict>
			<key>7F0F0824A42B81A4C095D3B6</key>
			<dict>
				<key>children</key>
				<array>
					<string>4C746C5E813FA682D88AA3F5</string>
					<string>BFC640326671A60989E0EA81</string>
					<string>816928642AE8C126A1B53F20</string>
					<string>DA2CBB268620323E049E89F3</string>
				</array>
				<key>isa</key>
				<string>PBXGroup</string>
				<key>name</key>
				<string>Stark-Plumbley</string>
				<key>sourceTree</key>
				<string>&lt;group&gt;</string>
			</dict>
			<key>1FF2FEC7DEC11E3A07D306A7</key>
			<dict>
				<key>children</key>
				<array>
					<string>7F0F0824A42B81A4C095D3B6</string>
					<string>150DF4F47D909A33BA5326B7</string>
					<string>4A21170E57FF329CCF599FB4</string>
				</array>
				<key>isa</key>
				<string>PBXGroup</string>
				<key>name</key>
				<string>libs</string>
				<key>sourceTree</key>
				<string>&lt;group&gt;</string>
			</dict>
			<key>4C746C5E813FA682D88AA3F5</key>
			<dict>
				<key>explicitFileType</key>
				<string>sourcecode.c.h</string>
				<key>fileEncoding</key>
				<string>30</string>
				<key>isa</key>
				<string>PBXFileReference</string>
				<key>name</key>
				<string>Chromagram.h</string>
				<key>path</key>
				<string>../../../../../../Frameworks/of_v0.9.8_osx_release/addons/ofxGist/libs/Stark-Plumbley/Chromagram.h</string>
				<key>sourceTree</key>
				<string>SOURCE_ROOT</string>
			</dict>
			<key>489A1BC6632E1008EE953E08</key>
			<dict>
				<key>fileRef</key>
				<string>FFECD561E6814E03C910FF96</string>
				<key>isa</key>
				<string>PBXBuildFile</string>
			</dict>
			<key>FFECD561E6814E03C910FF96</key>
			<dict>
				<key>explicitFileType</key>
				<string>sourcecode.cpp.cpp</string>
				<key>fileEncoding</key>
				<string>30</string>
				<key>isa</key>
				<string>PBXFileReference</string>
				<key>name</key>
				<string>ofxGist.cpp</string>
				<key>path</key>
				<string>../../../../../../Frameworks/of_v0.9.8_osx_release/addons/ofxGist/src/ofxGist.cpp</string>
				<key>sourceTree</key>
				<string>SOURCE_ROOT</string>
			</dict>
			<key>3EE466DD25DE0D5208F3DB30</key>
			<dict>
				<key>children</key>
				<array>
					<string>EDDE930BAF32A77DFC982385</string>
					<string>FFECD561E6814E03C910FF96</string>
				</array>
				<key>isa</key>
				<string>PBXGroup</string>
				<key>name</key>
				<string>src</string>
				<key>sourceTree</key>
				<string>&lt;group&gt;</string>
			</dict>
			<key>19F1AD607DCB8D6D41F11DA2</key>
			<dict>
				<key>children</key>
				<array>
					<string>3EE466DD25DE0D5208F3DB30</string>
					<string>1FF2FEC7DEC11E3A07D306A7</string>
				</array>
				<key>isa</key>
				<string>PBXGroup</string>
				<key>name</key>
				<string>ofxGist</string>
				<key>sourceTree</key>
				<string>&lt;group&gt;</string>
			</dict>
			<key>EDDE930BAF32A77DFC982385</key>
			<dict>
				<key>explicitFileType</key>
				<string>sourcecode.c.h</string>
				<key>fileEncoding</key>
				<string>30</string>
				<key>isa</key>
				<string>PBXFileReference</string>
				<key>name</key>
				<string>ofxGist.h</string>
				<key>path</key>
				<string>../../../../../../Frameworks/of_v0.9.8_osx_release/addons/ofxGist/src/ofxGist.h</string>
				<key>sourceTree</key>
				<string>SOURCE_ROOT</string>
			</dict>
			<key>1D9B30DE83DB62E255E89BFE</key>
			<dict>
				<key>fileRef</key>
				<string>11F22C747FA2126B37EBE0B5</string>
				<key>isa</key>
				<string>PBXBuildFile</string>
			</dict>
			<key>11F22C747FA2126B37EBE0B5</key>
			<dict>
				<key>explicitFileType</key>
				<string>sourcecode.cpp.cpp</string>
				<key>fileEncoding</key>
				<string>30</string>
				<key>isa</key>
				<string>PBXFileReference</string>
				<key>name</key>
				<string>signalGenerator.cpp</string>
				<key>path</key>
				<string>src/signalGenerator.cpp</string>
				<key>sourceTree</key>
				<string>SOURCE_ROOT</string>
			</dict>
			<key>9E181BD7EAF3FE9736A3576F</key>
			<dict>
				<key>explicitFileType</key>
				<string>sourcecode.c.h</string>
				<key>fileEncoding</key>
				<string>30</string>
				<key>isa</key>
				<string>PBXFileReference</string>
				<key>name</key>
				<string>signalGenerator.hpp</string>
				<key>path</key>
				<string>src/signalGenerator.hpp</string>
				<key>sourceTree</key>
				<string>SOURCE_ROOT</string>
			</dict>
			<key>6948EE371B920CB800B5AC1A</key>
			<dict>
				<key>children</key>
				<array />
				<key>isa</key>
				<string>PBXGroup</string>
				<key>name</key>
				<string>local_addons</string>
				<key>sourceTree</key>
				<string>&lt;group&gt;</string>
			</dict>
			<key>BB4B014C10F69532006C3DED</key>
			<dict>
				<key>children</key>
				<array>
					<string>19F1AD607DCB8D6D41F11DA2</string>
					<string>480A780D8D0308AE4A368801</string>
					<string>E6053AB7FEC63D5F83825B88</string>
				</array>
				<key>isa</key>
				<string>PBXGroup</string>
				<key>name</key>
				<string>addons</string>
				<key>sourceTree</key>
				<string>&lt;group&gt;</string>
			</dict>
			<key>E4328143138ABC890047C5CB</key>
			<dict>
				<key>isa</key>
				<string>PBXFileReference</string>
				<key>lastKnownFileType</key>
				<string>wrapper.pb-project</string>
				<key>name</key>
				<string>openFrameworksLib.xcodeproj</string>
				<key>path</key>
				<string>../../../../../../Frameworks/of_v0.9.8_osx_release/libs/openFrameworksCompiled/project/osx/openFrameworksLib.xcodeproj</string>
				<key>sourceTree</key>
				<string>SOURCE_ROOT</string>
			</dict>
			<key>E4328144138ABC890047C5CB</key>
			<dict>
				<key>children</key>
				<array>
					<string>E4328148138ABC890047C5CB</string>
				</array>
				<key>isa</key>
				<string>PBXGroup</string>
				<key>name</key>
				<string>Products</string>
				<key>sourceTree</key>
				<string>&lt;group&gt;</string>
			</dict>
			<key>E4328147138ABC890047C5CB</key>
			<dict>
				<key>containerPortal</key>
				<string>E4328143138ABC890047C5CB</string>
				<key>isa</key>
				<string>PBXContainerItemProxy</string>
				<key>proxyType</key>
				<string>2</string>
				<key>remoteGlobalIDString</key>
				<string>E4B27C1510CBEB8E00536013</string>
				<key>remoteInfo</key>
				<string>openFrameworks</string>
			</dict>
			<key>E4328148138ABC890047C5CB</key>
			<dict>
				<key>fileType</key>
				<string>archive.ar</string>
				<key>isa</key>
				<string>PBXReferenceProxy</string>
				<key>path</key>
				<string>openFrameworksDebug.a</string>
				<key>remoteRef</key>
				<string>E4328147138ABC890047C5CB</string>
				<key>sourceTree</key>
				<string>BUILT_PRODUCTS_DIR</string>
			</dict>
			<key>E4328149138ABC9F0047C5CB</key>
			<dict>
				<key>fileRef</key>
				<string>E4328148138ABC890047C5CB</string>
				<key>isa</key>
				<string>PBXBuildFile</string>
			</dict>
			<key>E4B69B4A0A3A1720003C02F2</key>
			<dict>
				<key>children</key>
				<array>
					<string>E4B6FCAD0C3E899E008CF71C</string>
					<string>E4EB6923138AFD0F00A09F29</string>
					<string>E4B69E1C0A3A1BDC003C02F2</string>
					<string>E4EEC9E9138DF44700A80321</string>
					<string>BB4B014C10F69532006C3DED</string>
					<string>6948EE371B920CB800B5AC1A</string>
					<string>E4B69B5B0A3A1756003C02F2</string>
				</array>
				<key>isa</key>
				<string>PBXGroup</string>
				<key>sourceTree</key>
				<string>&lt;group&gt;</string>
			</dict>
			<key>E4B69B4C0A3A1720003C02F2</key>
			<dict>
				<key>attributes</key>
				<dict>
					<key>LastUpgradeCheck</key>
					<string>0600</string>
				</dict>
				<key>buildConfigurationList</key>
				<string>E4B69B4D0A3A1720003C02F2</string>
				<key>compatibilityVersion</key>
				<string>Xcode 3.2</string>
				<key>developmentRegion</key>
				<string>English</string>
				<key>hasScannedForEncodings</key>
				<string>0</string>
				<key>isa</key>
				<string>PBXProject</string>
				<key>knownRegions</key>
				<array>
					<string>English</string>
					<string>Japanese</string>
					<string>French</string>
					<string>German</string>
				</array>
				<key>mainGroup</key>
				<string>E4B69B4A0A3A1720003C02F2</string>
				<key>productRefGroup</key>
				<string>E4B69B4A0A3A1720003C02F2</string>
				<key>projectDirPath</key>
				<string />
				<key>projectReferences</key>
				<array>
					<dict>
						<key>ProductGroup</key>
						<string>E4328144138ABC890047C5CB</string>
						<key>ProjectRef</key>
						<string>E4328143138ABC890047C5CB</string>
					</dict>
				</array>
				<key>projectRoot</key>
				<string />
				<key>targets</key>
				<array>
					<string>E4B69B5A0A3A1756003C02F2</string>
				</array>
			</dict>
			<key>E4B69B4D0A3A1720003C02F2</key>
			<dict>
				<key>buildConfigurations</key>
				<array>
					<string>E4B69B4E0A3A1720003C02F2</string>
					<string>E4B69B4F0A3A1720003C02F2</string>
				</array>
				<key>defaultConfigurationIsVisible</key>
				<string>0</string>
				<key>defaultConfigurationName</key>
				<string>Release</string>
				<key>isa</key>
				<string>XCConfigurationList</string>
			</dict>
			<key>E4B69B4E0A3A1720003C02F2</key>
			<dict>
				<key>baseConfigurationReference</key>
				<string>E4EB6923138AFD0F00A09F29</string>
				<key>buildSettings</key>
				<dict>
					<key>HEADER_SEARCH_PATHS</key>
					<array>
						<string>$(OF_CORE_HEADERS)</string>
						<string>src</string>
						<string>../../../../../../Frameworks/of_v0.9.8_osx_release/addons/ofxGist/libs</string>
						<string>../../../../../../Frameworks/of_v0.9.8_osx_release/addons/ofxGist/libs/Gist</string>
						<string>../../../../../../Frameworks/of_v0.9.8_osx_release/addons/ofxGist/libs/Gist/src</string>
						<string>../../../../../../Frameworks/of_v0.9.8_osx_release/addons/ofxGist/libs/Gist/src/core</string>
						<string>../../../../../../Frameworks/of_v0.9.8_osx_release/addons/ofxGist/libs/Gist/src/mfcc</string>
						<string>../../../../../../Frameworks/of_v0.9.8_osx_release/addons/ofxGist/libs/Gist/src/onset-detection-functions</string>
						<string>../../../../../../Frameworks/of_v0.9.8_osx_release/addons/ofxGist/libs/Gist/src/pitch</string>
						<string>../../../../../../Frameworks/of_v0.9.8_osx_release/addons/ofxGist/libs/Stark-Plumbley</string>
						<string>../../../../../../Frameworks/of_v0.9.8_osx_release/addons/ofxGist/libs/kiss_fft130</string>
						<string>../../../../../../Frameworks/of_v0.9.8_osx_release/addons/ofxGist/src</string>
						<string>../../../../../../Frameworks/of_v0.9.8_osx_release/addons/ofxGui/src</string>
						<string>../../../../../../Frameworks/of_v0.9.8_osx_release/addons/ofxOsc/libs</string>
						<string>../../../../../../Frameworks/of_v0.9.8_osx_release/addons/ofxOsc/libs/oscpack</string>
						<string>../../../../../../Frameworks/of_v0.9.8_osx_release/addons/ofxOsc/libs/oscpack/src</string>
						<string>../../../../../../Frameworks/of_v0.9.8_osx_release/addons/ofxOsc/libs/oscpack/src/ip</string>
						<string>../../../../../../Frameworks/of_v0.9.8_osx_release/addons/ofxOsc/libs/oscpack/src/ip/posix</string>
						<string>../../../../../../Frameworks/of_v0.9.8_osx_release/addons/ofxOsc/libs/oscpack/src/ip/win32</string>
						<string>../../../../../../Frameworks/of_v0.9.8_osx_release/addons/ofxOsc/libs/oscpack/src/osc</string>
						<string>../../../../../../Frameworks/of_v0.9.8_osx_release/addons/ofxOsc/src</string>
					</array>
					<key>CONFIGURATION_BUILD_DIR</key>
					<string>$(SRCROOT)/bin/</string>
					<key>COPY_PHASE_STRIP</key>
					<string>NO</string>
					<key>DEAD_CODE_STRIPPING</key>
					<string>YES</string>
					<key>GCC_AUTO_VECTORIZATION</key>
					<string>YES</string>
					<key>GCC_ENABLE_SSE3_EXTENSIONS</key>
					<string>YES</string>
					<key>GCC_ENABLE_SUPPLEMENTAL_SSE3_INSTRUCTIONS</key>
					<string>YES</string>
					<key>GCC_INLINES_ARE_PRIVATE_EXTERN</key>
					<string>NO</string>
					<key>GCC_OPTIMIZATION_LEVEL</key>
					<string>0</string>
					<key>GCC_SYMBOLS_PRIVATE_EXTERN</key>
					<string>NO</string>
					<key>GCC_WARN_ABOUT_DEPRECATED_FUNCTIONS</key>
					<string>YES</string>
					<key>GCC_WARN_ABOUT_INVALID_OFFSETOF_MACRO</key>
					<string>NO</string>
					<key>GCC_WARN_ALLOW_INCOMPLETE_PROTOCOL</key>
					<string>NO</string>
					<key>GCC_WARN_UNINITIALIZED_AUTOS</key>
					<string>NO</string>
					<key>GCC_WARN_UNUSED_VALUE</key>
					<string>NO</string>
					<key>GCC_WARN_UNUSED_VARIABLE</key>
					<string>NO</string>
					<key>MACOSX_DEPLOYMENT_TARGET</key>
					<string>10.8</string>
					<key>ONLY_ACTIVE_ARCH</key>
					<string>YES</string>
					<key>OTHER_CPLUSPLUSFLAGS</key>
					<array>
						<string>-D__MACOSX_CORE__</string>
						<string>-mtune=native</string>
					</array>
					<key>SDKROOT</key>
					<string>macosx</string>
				</dict>
				<key>isa</key>
				<string>XCBuildConfiguration</string>
				<key>name</key>
				<string>Debug</string>
			</dict>
			<key>E4B69B4F0A3A1720003C02F2</key>
			<dict>
				<key>baseConfigurationReference</key>
				<string>E4EB6923138AFD0F00A09F29</string>
				<key>buildSettings</key>
				<dict>
					<key>HEADER_SEARCH_PATHS</key>
					<array>
						<string>$(OF_CORE_HEADERS)</string>
						<string>src</string>
						<string>../../../../../../Frameworks/of_v0.9.8_osx_release/addons/ofxGist/libs</string>
						<string>../../../../../../Frameworks/of_v0.9.8_osx_release/addons/ofxGist/libs/Gist</string>
						<string>../../../../../../Frameworks/of_v0.9.8_osx_release/addons/ofxGist/libs/Gist/src</string>
						<string>../../../../../../Frameworks/of_v0.9.8_osx_release/addons/ofxGist/libs/Gist/src/core</string>
						<string>../../../../../../Frameworks/of_v0.9.8_osx_release/addons/ofxGist/libs/Gist/src/mfcc</string>
						<string>../../../../../../Frameworks/of_v0.9.8_osx_release/addons/ofxGist/libs/Gist/src/onset-detection-functions</string>
						<string>../../../../../../Frameworks/of_v0.9.8_osx_release/addons/ofxGist/libs/Gist/src/pitch</string>
						<string>../../../../../../Frameworks/of_v0.9.8_osx_release/addons/ofxGist/libs/Stark-Plumbley</string>
						<string>../../../../../../Frameworks/of_v0.9.8_osx_release/addons/ofxGist/libs/kiss_fft130</string>
						<string>../../../../../../Frameworks/of_v0.9.8_osx_release/addons/ofxGist/src</string>
						<string>../../../../../../Frameworks/of_v0.9.8_osx_release/addons/ofxGui/src</string>
						<string>../../../../../../Frameworks/of_v0.9.8_osx_release/addons/ofxOsc/libs</string>
						<string>../../../../../../Frameworks/of_v0.9.8_osx_release/addons/ofxOsc/libs/oscpack</string>
						<string>../../../../../../Frameworks/of_v0.9.8_osx_release/addons/ofxOsc/libs/oscpack/src</string>
						<string>../../../../../../Frameworks/of_v0.9.8_osx_release/addons/ofxOsc/libs/oscpack/src/ip</string>
						<string>../../../../../../Frameworks/of_v0.9.8_osx_release/addons/ofxOsc/libs/oscpack/src/ip/posix</string>
						<string>../../../../../../Frameworks/of_v0.9.8_osx_release/addons/ofxOsc/libs/oscpack/src/ip/win32</string>
						<string>../../../../../../Frameworks/of_v0.9.8_osx_release/addons/ofxOsc/libs/oscpack/src/osc</string>
						<string>../../../../../../Frameworks/of_v0.9.8_osx_release/addons/ofxOsc/src</string>
					</array>
					<key>CONFIGURATION_BUILD_DIR</key>
					<string>$(SRCROOT)/bin/</string>
					<key>COPY_PHASE_STRIP</key>
					<string>YES</string>
					<key>DEAD_CODE_STRIPPING</key>
					<string>YES</string>
					<key>GCC_AUTO_VECTORIZATION</key>
					<string>YES</string>
					<key>GCC_ENABLE_SSE3_EXTENSIONS</key>
					<string>YES</string>
					<key>GCC_ENABLE_SUPPLEMENTAL_SSE3_INSTRUCTIONS</key>
					<string>YES</string>
					<key>GCC_INLINES_ARE_PRIVATE_EXTERN</key>
					<string>NO</string>
					<key>GCC_OPTIMIZATION_LEVEL</key>
					<string>3</string>
					<key>GCC_SYMBOLS_PRIVATE_EXTERN</key>
					<string>NO</string>
					<key>GCC_UNROLL_LOOPS</key>
					<string>YES</string>
					<key>GCC_WARN_ABOUT_DEPRECATED_FUNCTIONS</key>
					<string>YES</string>
					<key>GCC_WARN_ABOUT_INVALID_OFFSETOF_MACRO</key>
					<string>NO</string>
					<key>GCC_WARN_ALLOW_INCOMPLETE_PROTOCOL</key>
					<string>NO</string>
					<key>GCC_WARN_UNINITIALIZED_AUTOS</key>
					<string>NO</string>
					<key>GCC_WARN_UNUSED_VALUE</key>
					<string>NO</string>
					<key>GCC_WARN_UNUSED_VARIABLE</key>
					<string>NO</string>
					<key>MACOSX_DEPLOYMENT_TARGET</key>
					<string>10.8</string>
					<key>OTHER_CPLUSPLUSFLAGS</key>
					<array>
						<string>-D__MACOSX_CORE__</string>
						<string>-mtune=native</string>
					</array>
					<key>SDKROOT</key>
					<string>macosx</string>
				</dict>
				<key>isa</key>
				<string>XCBuildConfiguration</string>
				<key>name</key>
				<string>Release</string>
			</dict>
			<key>E4B69B580A3A1756003C02F2</key>
			<dict>
				<key>buildActionMask</key>
				<string>2147483647</string>
				<key>files</key>
				<array>
					<string>E4B69E200A3A1BDC003C02F2</string>
					<string>E4B69E210A3A1BDC003C02F2</string>
					<string>1D9B30DE83DB62E255E89BFE</string>
					<string>489A1BC6632E1008EE953E08</string>
					<string>78A7BCE5833AEEB7629176FF</string>
					<string>88421F92EA7D2BDCC728CD0F</string>
					<string>C8B8C5738FD5E92035643E6E</string>
					<string>BF36A013A790D81F74195915</string>
					<string>9CE8557303A352717C6D9CF2</string>
					<string>7159A5AFC1516532E743F0FA</string>
					<string>165BB425DA3161781E5139B3</string>
					<string>F7FD59E0C175430963C26710</string>
					<string>A404B02CCFF17E8EA7BCB1EA</string>
					<string>434FCDC6AE64739A9F35734E</string>
					<string>C217EE4BC9DBA29DAAC92BEC</string>
					<string>4F165F615688C2270E378306</string>
					<string>73AD99805B57606B89AB4BE3</string>
					<string>4B194A60252868C884934E7E</string>
					<string>46E469C75C785E8AF5F9592E</string>
					<string>820BA8359D608A674BAC5927</string>
					<string>E33C83563000CF1C48B2D827</string>
					<string>5A9DC9AFB6F4A2E82A0A4962</string>
					<string>1BE4F29D0C1F505DE6301EFE</string>
					<string>15AB68D36A416FB1EF20946B</string>
					<string>0668BB5340D6ABBB42323DE1</string>
					<string>7EEFEB22FC89FBD796DBB6B0</string>
					<string>5B43A9AEA109D0F9821C5455</string>
					<string>BB1073AC0D3B4C7D3A5836C3</string>
					<string>DC80688B7FE9861F5C3E2C46</string>
					<string>539697C7A1ED8B0E4C6E28A8</string>
					<string>B537629EC617BB23ACEDA2D5</string>
					<string>BBCE09F2A74707EF1727E8AA</string>
				</array>
				<key>isa</key>
				<string>PBXSourcesBuildPhase</string>
				<key>runOnlyForDeploymentPostprocessing</key>
				<string>0</string>
			</dict>
			<key>E4B69B590A3A1756003C02F2</key>
			<dict>
				<key>buildActionMask</key>
				<string>2147483647</string>
				<key>files</key>
				<array>
					<string>E4328149138ABC9F0047C5CB</string>
				</array>
				<key>isa</key>
				<string>PBXFrameworksBuildPhase</string>
				<key>runOnlyForDeploymentPostprocessing</key>
				<string>0</string>
			</dict>
			<key>E4B69B5A0A3A1756003C02F2</key>
			<dict>
				<key>buildConfigurationList</key>
				<string>E4B69B5F0A3A1757003C02F2</string>
				<key>buildPhases</key>
				<array>
					<string>E4B69B580A3A1756003C02F2</string>
					<string>E4B69B590A3A1756003C02F2</string>
					<string>E4B6FFFD0C3F9AB9008CF71C</string>
					<string>E4C2427710CC5ABF004149E2</string>
				</array>
				<key>buildRules</key>
				<array />
				<key>dependencies</key>
				<array>
					<string>E4EEB9AC138B136A00A80321</string>
				</array>
				<key>isa</key>
				<string>PBXNativeTarget</string>
				<key>name</key>
				<string>signalGenerator</string>
				<key>productName</key>
				<string>myOFApp</string>
				<key>productReference</key>
				<string>E4B69B5B0A3A1756003C02F2</string>
				<key>productType</key>
				<string>com.apple.product-type.application</string>
			</dict>
			<key>E4B69B5B0A3A1756003C02F2</key>
			<dict>
				<key>explicitFileType</key>
				<string>wrapper.application</string>
				<key>includeInIndex</key>
				<string>0</string>
				<key>isa</key>
				<string>PBXFileReference</string>
				<key>path</key>
				<string>signalGeneratorDebug.app</string>
				<key>sourceTree</key>
				<string>BUILT_PRODUCTS_DIR</string>
			</dict>
			<key>E4B69B5F0A3A1757003C02F2</key>
			<dict>
				<key>buildConfigurations</key>
				<array>
					<string>E4B69B600A3A1757003C02F2</string>
					<string>E4B69B610A3A1757003C02F2</string>
				</array>
				<key>defaultConfigurationIsVisible</key>
				<string>0</string>
				<key>defaultConfigurationName</key>
				<string>Release</string>
				<key>isa</key>
				<string>XCConfigurationList</string>
			</dict>
			<key>E4B69B600A3A1757003C02F2</key>
			<dict>
				<key>baseConfigurationReference</key>
				<string>E4EB6923138AFD0F00A09F29</string>
				<key>buildSettings</key>
				<dict>
					<key>HEADER_SEARCH_PATHS</key>
					<array>
						<string>$(OF_CORE_HEADERS)</string>
						<string>src</string>
						<string>../../../../../../Frameworks/of_v0.9.8_osx_release/addons/ofxGist/libs</string>
						<string>../../../../../../Frameworks/of_v0.9.8_osx_release/addons/ofxGist/libs/Gist</string>
						<string>../../../../../../Frameworks/of_v0.9.8_osx_release/addons/ofxGist/libs/Gist/src</string>
						<string>../../../../../../Frameworks/of_v0.9.8_osx_release/addons/ofxGist/libs/Gist/src/core</string>
						<string>../../../../../../Frameworks/of_v0.9.8_osx_release/addons/ofxGist/libs/Gist/src/mfcc</string>
						<string>../../../../../../Frameworks/of_v0.9.8_osx_release/addons/ofxGist/libs/Gist/src/onset-detection-functions</string>
						<string>../../../../../../Frameworks/of_v0.9.8_osx_release/addons/ofxGist/libs/Gist/src/pitch</string>
						<string>../../../../../../Frameworks/of_v0.9.8_osx_release/addons/ofxGist/libs/Stark-Plumbley</string>
						<string>../../../../../../Frameworks/of_v0.9.8_osx_release/addons/ofxGist/libs/kiss_fft130</string>
						<string>../../../../../../Frameworks/of_v0.9.8_osx_release/addons/ofxGist/src</string>
						<string>../../../../../../Frameworks/of_v0.9.8_osx_release/addons/ofxGui/src</string>
						<string>../../../../../../Frameworks/of_v0.9.8_osx_release/addons/ofxOsc/libs</string>
						<string>../../../../../../Frameworks/of_v0.9.8_osx_release/addons/ofxOsc/libs/oscpack</string>
						<string>../../../../../../Frameworks/of_v0.9.8_osx_release/addons/ofxOsc/libs/oscpack/src</string>
						<string>../../../../../../Frameworks/of_v0.9.8_osx_release/addons/ofxOsc/libs/oscpack/src/ip</string>
						<string>../../../../../../Frameworks/of_v0.9.8_osx_release/addons/ofxOsc/libs/oscpack/src/ip/posix</string>
						<string>../../../../../../Frameworks/of_v0.9.8_osx_release/addons/ofxOsc/libs/oscpack/src/ip/win32</string>
						<string>../../../../../../Frameworks/of_v0.9.8_osx_release/addons/ofxOsc/libs/oscpack/src/osc</string>
						<string>../../../../../../Frameworks/of_v0.9.8_osx_release/addons/ofxOsc/src</string>
					</array>
					<key>COMBINE_HIDPI_IMAGES</key>
					<string>YES</string>
					<key>COPY_PHASE_STRIP</key>
					<string>NO</string>
					<key>FRAMEWORK_SEARCH_PATHS</key>
					<array>
						<string>$(inherited)</string>
						<string>$(FRAMEWORK_SEARCH_PATHS_QUOTED_FOR_TARGET_1)</string>
					</array>
					<key>FRAMEWORK_SEARCH_PATHS_QUOTED_FOR_TARGET_1</key>
					<string>"$(SRCROOT)/../../../../../../Frameworks/of_v0.9.8_osx_release/libs/glut/lib/osx"</string>
					<key>GCC_DYNAMIC_NO_PIC</key>
					<string>NO</string>
					<key>GCC_GENERATE_DEBUGGING_SYMBOLS</key>
					<string>YES</string>
					<key>GCC_MODEL_TUNING</key>
					<string>NONE</string>
					<key>ICON</key>
					<string>$(ICON_NAME_DEBUG)</string>
					<key>ICON_FILE</key>
					<string>$(ICON_FILE_PATH)$(ICON)</string>
					<key>INFOPLIST_FILE</key>
					<string>openFrameworks-Info.plist</string>
					<key>INSTALL_PATH</key>
					<string>/Applications</string>
					<key>LIBRARY_SEARCH_PATHS</key>
					<string>$(inherited)</string>
					<key>PRODUCT_NAME</key>
					<string>$(TARGET_NAME)Debug</string>
					<key>WRAPPER_EXTENSION</key>
					<string>app</string>
				</dict>
				<key>isa</key>
				<string>XCBuildConfiguration</string>
				<key>name</key>
				<string>Debug</string>
			</dict>
			<key>E4B69B610A3A1757003C02F2</key>
			<dict>
				<key>baseConfigurationReference</key>
				<string>E4EB6923138AFD0F00A09F29</string>
				<key>buildSettings</key>
				<dict>
					<key>HEADER_SEARCH_PATHS</key>
					<array>
						<string>$(OF_CORE_HEADERS)</string>
						<string>src</string>
						<string>../../../../../../Frameworks/of_v0.9.8_osx_release/addons/ofxGist/libs</string>
						<string>../../../../../../Frameworks/of_v0.9.8_osx_release/addons/ofxGist/libs/Gist</string>
						<string>../../../../../../Frameworks/of_v0.9.8_osx_release/addons/ofxGist/libs/Gist/src</string>
						<string>../../../../../../Frameworks/of_v0.9.8_osx_release/addons/ofxGist/libs/Gist/src/core</string>
						<string>../../../../../../Frameworks/of_v0.9.8_osx_release/addons/ofxGist/libs/Gist/src/mfcc</string>
						<string>../../../../../../Frameworks/of_v0.9.8_osx_release/addons/ofxGist/libs/Gist/src/onset-detection-functions</string>
						<string>../../../../../../Frameworks/of_v0.9.8_osx_release/addons/ofxGist/libs/Gist/src/pitch</string>
						<string>../../../../../../Frameworks/of_v0.9.8_osx_release/addons/ofxGist/libs/Stark-Plumbley</string>
						<string>../../../../../../Frameworks/of_v0.9.8_osx_release/addons/ofxGist/libs/kiss_fft130</string>
						<string>../../../../../../Frameworks/of_v0.9.8_osx_release/addons/ofxGist/src</string>
						<string>../../../../../../Frameworks/of_v0.9.8_osx_release/addons/ofxGui/src</string>
						<string>../../../../../../Frameworks/of_v0.9.8_osx_release/addons/ofxOsc/libs</string>
						<string>../../../../../../Frameworks/of_v0.9.8_osx_release/addons/ofxOsc/libs/oscpack</string>
						<string>../../../../../../Frameworks/of_v0.9.8_osx_release/addons/ofxOsc/libs/oscpack/src</string>
						<string>../../../../../../Frameworks/of_v0.9.8_osx_release/addons/ofxOsc/libs/oscpack/src/ip</string>
						<string>../../../../../../Frameworks/of_v0.9.8_osx_release/addons/ofxOsc/libs/oscpack/src/ip/posix</string>
						<string>../../../../../../Frameworks/of_v0.9.8_osx_release/addons/ofxOsc/libs/oscpack/src/ip/win32</string>
						<string>../../../../../../Frameworks/of_v0.9.8_osx_release/addons/ofxOsc/libs/oscpack/src/osc</string>
						<string>../../../../../../Frameworks/of_v0.9.8_osx_release/addons/ofxOsc/src</string>
					</array>
					<key>COMBINE_HIDPI_IMAGES</key>
					<string>YES</string>
					<key>COPY_PHASE_STRIP</key>
					<string>YES</string>
					<key>FRAMEWORK_SEARCH_PATHS</key>
					<array>
						<string>$(inherited)</string>
						<string>$(FRAMEWORK_SEARCH_PATHS_QUOTED_FOR_TARGET_1)</string>
					</array>
					<key>FRAMEWORK_SEARCH_PATHS_QUOTED_FOR_TARGET_1</key>
					<string>"$(SRCROOT)/../../../../../../Frameworks/of_v0.9.8_osx_release/libs/glut/lib/osx"</string>
					<key>GCC_GENERATE_DEBUGGING_SYMBOLS</key>
					<string>YES</string>
					<key>GCC_MODEL_TUNING</key>
					<string>NONE</string>
					<key>ICON</key>
					<string>$(ICON_NAME_RELEASE)</string>
					<key>ICON_FILE</key>
					<string>$(ICON_FILE_PATH)$(ICON)</string>
					<key>INFOPLIST_FILE</key>
					<string>openFrameworks-Info.plist</string>
					<key>INSTALL_PATH</key>
					<string>/Applications</string>
					<key>LIBRARY_SEARCH_PATHS</key>
					<string>$(inherited)</string>
					<key>PRODUCT_NAME</key>
					<string>$(TARGET_NAME)</string>
					<key>WRAPPER_EXTENSION</key>
					<string>app</string>
					<key>baseConfigurationReference</key>
					<string>E4EB6923138AFD0F00A09F29</string>
				</dict>
				<key>isa</key>
				<string>XCBuildConfiguration</string>
				<key>name</key>
				<string>Release</string>
			</dict>
			<key>E4B69E1C0A3A1BDC003C02F2</key>
			<dict>
				<key>children</key>
				<array>
					<string>E4B69E1D0A3A1BDC003C02F2</string>
					<string>E4B69E1E0A3A1BDC003C02F2</string>
					<string>E4B69E1F0A3A1BDC003C02F2</string>
					<string>9E181BD7EAF3FE9736A3576F</string>
					<string>11F22C747FA2126B37EBE0B5</string>
				</array>
				<key>isa</key>
				<string>PBXGroup</string>
				<key>path</key>
				<string>src</string>
				<key>sourceTree</key>
				<string>SOURCE_ROOT</string>
			</dict>
			<key>E4B69E1D0A3A1BDC003C02F2</key>
			<dict>
				<key>fileEncoding</key>
				<string>30</string>
				<key>isa</key>
				<string>PBXFileReference</string>
				<key>lastKnownFileType</key>
				<string>sourcecode.cpp.cpp</string>
				<key>name</key>
				<string>main.cpp</string>
				<key>path</key>
				<string>src/main.cpp</string>
				<key>sourceTree</key>
				<string>SOURCE_ROOT</string>
			</dict>
			<key>E4B69E1E0A3A1BDC003C02F2</key>
			<dict>
				<key>explicitFileType</key>
				<string>sourcecode.cpp.cpp</string>
				<key>fileEncoding</key>
				<string>30</string>
				<key>isa</key>
				<string>PBXFileReference</string>
				<key>name</key>
				<string>ofApp.cpp</string>
				<key>path</key>
				<string>src/ofApp.cpp</string>
				<key>sourceTree</key>
				<string>SOURCE_ROOT</string>
			</dict>
			<key>E4B69E1F0A3A1BDC003C02F2</key>
			<dict>
				<key>fileEncoding</key>
				<string>30</string>
				<key>isa</key>
				<string>PBXFileReference</string>
				<key>lastKnownFileType</key>
				<string>sourcecode.c.h</string>
				<key>name</key>
				<string>ofApp.h</string>
				<key>path</key>
				<string>src/ofApp.h</string>
				<key>sourceTree</key>
				<string>SOURCE_ROOT</string>
			</dict>
			<key>E4B69E200A3A1BDC003C02F2</key>
			<dict>
				<key>fileRef</key>
				<string>E4B69E1D0A3A1BDC003C02F2</string>
				<key>isa</key>
				<string>PBXBuildFile</string>
			</dict>
			<key>E4B69E210A3A1BDC003C02F2</key>
			<dict>
				<key>fileRef</key>
				<string>E4B69E1E0A3A1BDC003C02F2</string>
				<key>isa</key>
				<string>PBXBuildFile</string>
			</dict>
			<key>E4B6FCAD0C3E899E008CF71C</key>
			<dict>
				<key>fileEncoding</key>
				<string>30</string>
				<key>isa</key>
				<string>PBXFileReference</string>
				<key>lastKnownFileType</key>
				<string>text.plist.xml</string>
				<key>path</key>
				<string>openFrameworks-Info.plist</string>
				<key>sourceTree</key>
				<string>&lt;group&gt;</string>
			</dict>
			<key>E4B6FFFD0C3F9AB9008CF71C</key>
			<dict>
				<key>buildActionMask</key>
				<string>2147483647</string>
				<key>files</key>
				<array />
				<key>inputPaths</key>
				<array />
				<key>isa</key>
				<string>PBXShellScriptBuildPhase</string>
				<key>outputPaths</key>
				<array />
				<key>runOnlyForDeploymentPostprocessing</key>
				<string>0</string>
				<key>shellPath</key>
				<string>/bin/sh</string>
				<key>shellScript</key>
				<string>mkdir -p "$TARGET_BUILD_DIR/$PRODUCT_NAME.app/Contents/Resources/"
# Copy default icon file into App/Resources
rsync -aved "$ICON_FILE" "$TARGET_BUILD_DIR/$PRODUCT_NAME.app/Contents/Resources/"
# Copy libfmod and change install directory for fmod to run
rsync -aved ../../../../../../Frameworks/of_v0.9.8_osx_release/libs/fmodex/lib/osx/libfmodex.dylib "$TARGET_BUILD_DIR/$PRODUCT_NAME.app/Contents/Frameworks/";
install_name_tool -change @executable_path/libfmodex.dylib @executable_path/../Frameworks/libfmodex.dylib "$TARGET_BUILD_DIR/$PRODUCT_NAME.app/Contents/MacOS/$PRODUCT_NAME";
# Copy GLUT framework (must remove for AppStore submissions)
rsync -aved ../../../../../../Frameworks/of_v0.9.8_osx_release/libs/glut/lib/osx/GLUT.framework "$TARGET_BUILD_DIR/$PRODUCT_NAME.app/Contents/Frameworks/"
</string>
			</dict>
			<key>E4C2427710CC5ABF004149E2</key>
			<dict>
				<key>buildActionMask</key>
				<string>2147483647</string>
				<key>dstPath</key>
				<string />
				<key>dstSubfolderSpec</key>
				<string>10</string>
				<key>files</key>
				<array />
				<key>isa</key>
				<string>PBXCopyFilesBuildPhase</string>
				<key>runOnlyForDeploymentPostprocessing</key>
				<string>0</string>
			</dict>
			<key>E4EB691F138AFCF100A09F29</key>
			<dict>
				<key>fileEncoding</key>
				<string>4</string>
				<key>isa</key>
				<string>PBXFileReference</string>
				<key>lastKnownFileType</key>
				<string>text.xcconfig</string>
				<key>name</key>
				<string>CoreOF.xcconfig</string>
				<key>path</key>
				<string>../../../../../../Frameworks/of_v0.9.8_osx_release/libs/openFrameworksCompiled/project/osx/CoreOF.xcconfig</string>
				<key>sourceTree</key>
				<string>SOURCE_ROOT</string>
			</dict>
			<key>E4EB6923138AFD0F00A09F29</key>
			<dict>
				<key>fileEncoding</key>
				<string>4</string>
				<key>isa</key>
				<string>PBXFileReference</string>
				<key>lastKnownFileType</key>
				<string>text.xcconfig</string>
				<key>path</key>
				<string>Project.xcconfig</string>
				<key>sourceTree</key>
				<string>&lt;group&gt;</string>
			</dict>
			<key>E4EEB9AB138B136A00A80321</key>
			<dict>
				<key>containerPortal</key>
				<string>E4328143138ABC890047C5CB</string>
				<key>isa</key>
				<string>PBXContainerItemProxy</string>
				<key>proxyType</key>
				<string>1</string>
				<key>remoteGlobalIDString</key>
				<string>E4B27C1410CBEB8E00536013</string>
				<key>remoteInfo</key>
				<string>openFrameworks</string>
			</dict>
			<key>E4EEB9AC138B136A00A80321</key>
			<dict>
				<key>isa</key>
				<string>PBXTargetDependency</string>
				<key>name</key>
				<string>openFrameworks</string>
				<key>targetProxy</key>
				<string>E4EEB9AB138B136A00A80321</string>
			</dict>
			<key>E4EEC9E9138DF44700A80321</key>
			<dict>
				<key>children</key>
				<array>
					<string>E4EB691F138AFCF100A09F29</string>
					<string>E4328143138ABC890047C5CB</string>
				</array>
				<key>isa</key>
				<string>PBXGroup</string>
				<key>name</key>
				<string>openFrameworks</string>
				<key>sourceTree</key>
				<string>&lt;group&gt;</string>
			</dict>
		</dict>
		<key>rootObject</key>
		<string>E4B69B4C0A3A1720003C02F2</string>
	</dict>
</plist>
